
Microsoft Visual Studio Solution File, Format Version 12.00
# Visual Studio Version 17
VisualStudioVersion = 17.7.34024.191
MinimumVisualStudioVersion = 10.0.40219.1
Project("{FAE04EC0-301F-11D3-BF4B-00C04F79EFBC}") = "OOP1", "OOP1\OOP1.csproj", "{12DD29EB-D303-46A0-BBD1-F689D2B5BE29}"
EndProject
Global
	GlobalSection(SolutionConfigurationPlatforms) = preSolution
		Debug|Any CPU = Debug|Any CPU
		Release|Any CPU = Release|Any CPU
	EndGlobalSection
	GlobalSection(ProjectConfigurationPlatforms) = postSolution
		{12DD29EB-D303-46A0-BBD1-F689D2B5BE29}.Debug|Any CPU.ActiveCfg = Debug|Any CPU
		{12DD29EB-D303-46A0-BBD1-F689D2B5BE29}.Debug|Any CPU.Build.0 = Debug|Any CPU
		{12DD29EB-D303-46A0-BBD1-F689D2B5BE29}.Release|Any CPU.ActiveCfg = Release|Any CPU
		{12DD29EB-D303-46A0-BBD1-F689D2B5BE29}.Release|Any CPU.Build.0 = Release|Any CPU
	EndGlobalSection
	GlobalSection(SolutionProperties) = preSolution
		HideSolutionNode = FALSE
	EndGlobalSection
	GlobalSection(ExtensibilityGlobals) = postSolution
		SolutionGuid = {D64BD21E-8CB8-4EE3-9E9E-C36E157BE6E1}
	EndGlobalSection
EndGlobal
